// !$*UTF8*$!
{
	archiveVersion = 1;
	classes = {
	};
	objectVersion = 56;
	objects = {

/* Begin PBXBuildFile section */
		4E728C552A13C00D00556271 /* LoginRegisterApp.swift in Sources */ = {isa = PBXBuildFile; fileRef = 4E728C542A13C00D00556271 /* LoginRegisterApp.swift */; };
		4E728C572A13C00D00556271 /* ContentView.swift in Sources */ = {isa = PBXBuildFile; fileRef = 4E728C562A13C00D00556271 /* ContentView.swift */; };
		4E728C592A13C00F00556271 /* Assets.xcassets in Resources */ = {isa = PBXBuildFile; fileRef = 4E728C582A13C00F00556271 /* Assets.xcassets */; };
		4E728C5C2A13C00F00556271 /* Preview Assets.xcassets in Resources */ = {isa = PBXBuildFile; fileRef = 4E728C5B2A13C00F00556271 /* Preview Assets.xcassets */; };
		4E728C642A13C8B200556271 /* OnboardingView.swift in Sources */ = {isa = PBXBuildFile; fileRef = 4E728C632A13C8B200556271 /* OnboardingView.swift */; };
		4E728C662A13D0B800556271 /* LoginView.swift in Sources */ = {isa = PBXBuildFile; fileRef = 4E728C652A13D0B800556271 /* LoginView.swift */; };
		4E728C682A13D0D600556271 /* RegisterView.swift in Sources */ = {isa = PBXBuildFile; fileRef = 4E728C672A13D0D600556271 /* RegisterView.swift */; };
		4E8CCA7D2A1647AC008FD2EF /* AuthView.swift in Sources */ = {isa = PBXBuildFile; fileRef = 4E8CCA7C2A1647AC008FD2EF /* AuthView.swift */; };
		4E8CCA7F2A1647FA008FD2EF /* DashboardView.swift in Sources */ = {isa = PBXBuildFile; fileRef = 4E8CCA7E2A1647FA008FD2EF /* DashboardView.swift */; };
		4E8CCA822A165B78008FD2EF /* AuthViewModel.swift in Sources */ = {isa = PBXBuildFile; fileRef = 4E8CCA812A165B78008FD2EF /* AuthViewModel.swift */; };
		4E8CCA852A16634E008FD2EF /* AuthModel.swift in Sources */ = {isa = PBXBuildFile; fileRef = 4E8CCA842A16634E008FD2EF /* AuthModel.swift */; };
		4EBFA8182A1470660065D6B8 /* FirebaseAuth in Frameworks */ = {isa = PBXBuildFile; productRef = 4EBFA8172A1470660065D6B8 /* FirebaseAuth */; };
		4EBFA81A2A1470660065D6B8 /* FirebaseFirestore in Frameworks */ = {isa = PBXBuildFile; productRef = 4EBFA8192A1470660065D6B8 /* FirebaseFirestore */; };
		4EBFA81E2A14712D0065D6B8 /* GoogleService-Info.plist in Resources */ = {isa = PBXBuildFile; fileRef = 4EBFA81D2A14712D0065D6B8 /* GoogleService-Info.plist */; };
/* End PBXBuildFile section */

/* Begin PBXFileReference section */
		4E728C512A13C00D00556271 /* LoginRegister.app */ = {isa = PBXFileReference; explicitFileType = wrapper.application; includeInIndex = 0; path = LoginRegister.app; sourceTree = BUILT_PRODUCTS_DIR; };
		4E728C542A13C00D00556271 /* LoginRegisterApp.swift */ = {isa = PBXFileReference; lastKnownFileType = sourcecode.swift; path = LoginRegisterApp.swift; sourceTree = "<group>"; };
		4E728C562A13C00D00556271 /* ContentView.swift */ = {isa = PBXFileReference; lastKnownFileType = sourcecode.swift; path = ContentView.swift; sourceTree = "<group>"; };
		4E728C582A13C00F00556271 /* Assets.xcassets */ = {isa = PBXFileReference; lastKnownFileType = folder.assetcatalog; path = Assets.xcassets; sourceTree = "<group>"; };
		4E728C5B2A13C00F00556271 /* Preview Assets.xcassets */ = {isa = PBXFileReference; lastKnownFileType = folder.assetcatalog; path = "Preview Assets.xcassets"; sourceTree = "<group>"; };
		4E728C632A13C8B200556271 /* OnboardingView.swift */ = {isa = PBXFileReference; lastKnownFileType = sourcecode.swift; path = OnboardingView.swift; sourceTree = "<group>"; };
		4E728C652A13D0B800556271 /* LoginView.swift */ = {isa = PBXFileReference; lastKnownFileType = sourcecode.swift; path = LoginView.swift; sourceTree = "<group>"; };
		4E728C672A13D0D600556271 /* RegisterView.swift */ = {isa = PBXFileReference; lastKnownFileType = sourcecode.swift; path = RegisterView.swift; sourceTree = "<group>"; };
		4E728C692A13D2D000556271 /* Info.plist */ = {isa = PBXFileReference; lastKnownFileType = text.plist; path = Info.plist; sourceTree = "<group>"; };
		4E8CCA7C2A1647AC008FD2EF /* AuthView.swift */ = {isa = PBXFileReference; lastKnownFileType = sourcecode.swift; path = AuthView.swift; sourceTree = "<group>"; };
		4E8CCA7E2A1647FA008FD2EF /* DashboardView.swift */ = {isa = PBXFileReference; lastKnownFileType = sourcecode.swift; path = DashboardView.swift; sourceTree = "<group>"; };
		4E8CCA812A165B78008FD2EF /* AuthViewModel.swift */ = {isa = PBXFileReference; lastKnownFileType = sourcecode.swift; path = AuthViewModel.swift; sourceTree = "<group>"; };
		4E8CCA842A16634E008FD2EF /* AuthModel.swift */ = {isa = PBXFileReference; lastKnownFileType = sourcecode.swift; path = AuthModel.swift; sourceTree = "<group>"; };
		4EBFA81D2A14712D0065D6B8 /* GoogleService-Info.plist */ = {isa = PBXFileReference; fileEncoding = 4; lastKnownFileType = text.plist.xml; path = "GoogleService-Info.plist"; sourceTree = "<group>"; };
/* End PBXFileReference section */

/* Begin PBXFrameworksBuildPhase section */
		4E728C4E2A13C00D00556271 /* Frameworks */ = {
			isa = PBXFrameworksBuildPhase;
			buildActionMask = 2147483647;
			files = (
				4EBFA8182A1470660065D6B8 /* FirebaseAuth in Frameworks */,
				4EBFA81A2A1470660065D6B8 /* FirebaseFirestore in Frameworks */,
			);
			runOnlyForDeploymentPostprocessing = 0;
		};
/* End PBXFrameworksBuildPhase section */

/* Begin PBXGroup section */
		4E728C482A13C00D00556271 = {
			isa = PBXGroup;
			children = (
				4E728C532A13C00D00556271 /* LoginRegister */,
				4E728C522A13C00D00556271 /* Products */,
			);
			sourceTree = "<group>";
		};
		4E728C522A13C00D00556271 /* Products */ = {
			isa = PBXGroup;
			children = (
				4E728C512A13C00D00556271 /* LoginRegister.app */,
			);
			name = Products;
			sourceTree = "<group>";
		};
		4E728C532A13C00D00556271 /* LoginRegister */ = {
			isa = PBXGroup;
			children = (
				4EBFA81D2A14712D0065D6B8 /* GoogleService-Info.plist */,
				4E728C692A13D2D000556271 /* Info.plist */,
				4E8CCA832A166340008FD2EF /* Model */,
				4E8CCA802A165B56008FD2EF /* ViewModel */,
				4E728C622A13C8A100556271 /* Views */,
				4E728C542A13C00D00556271 /* LoginRegisterApp.swift */,
				4E728C562A13C00D00556271 /* ContentView.swift */,
				4E728C582A13C00F00556271 /* Assets.xcassets */,
				4E728C5A2A13C00F00556271 /* Preview Content */,
			);
			path = LoginRegister;
			sourceTree = "<group>";
		};
		4E728C5A2A13C00F00556271 /* Preview Content */ = {
			isa = PBXGroup;
			children = (
				4E728C5B2A13C00F00556271 /* Preview Assets.xcassets */,
			);
			path = "Preview Content";
			sourceTree = "<group>";
		};
		4E728C622A13C8A100556271 /* Views */ = {
			isa = PBXGroup;
			children = (
				4E728C632A13C8B200556271 /* OnboardingView.swift */,
				4E728C652A13D0B800556271 /* LoginView.swift */,
				4E728C672A13D0D600556271 /* RegisterView.swift */,
				4E8CCA7C2A1647AC008FD2EF /* AuthView.swift */,
				4E8CCA7E2A1647FA008FD2EF /* DashboardView.swift */,
			);
			path = Views;
			sourceTree = "<group>";
		};
		4E8CCA802A165B56008FD2EF /* ViewModel */ = {
			isa = PBXGroup;
			children = (
				4E8CCA812A165B78008FD2EF /* AuthViewModel.swift */,
			);
			path = ViewModel;
			sourceTree = "<group>";
		};
		4E8CCA832A166340008FD2EF /* Model */ = {
			isa = PBXGroup;
			children = (
				4E8CCA842A16634E008FD2EF /* AuthModel.swift */,
			);
			path = Model;
			sourceTree = "<group>";
		};
/* End PBXGroup section */

/* Begin PBXNativeTarget section */
		4E728C502A13C00D00556271 /* LoginRegister */ = {
			isa = PBXNativeTarget;
			buildConfigurationList = 4E728C5F2A13C00F00556271 /* Build configuration list for PBXNativeTarget "LoginRegister" */;
			buildPhases = (
				4E728C4D2A13C00D00556271 /* Sources */,
				4E728C4E2A13C00D00556271 /* Frameworks */,
				4E728C4F2A13C00D00556271 /* Resources */,
			);
			buildRules = (
			);
			dependencies = (
			);
			name = LoginRegister;
			packageProductDependencies = (
				4EBFA8172A1470660065D6B8 /* FirebaseAuth */,
				4EBFA8192A1470660065D6B8 /* FirebaseFirestore */,
			);
			productName = LoginRegister;
			productReference = 4E728C512A13C00D00556271 /* LoginRegister.app */;
			productType = "com.apple.product-type.application";
		};
/* End PBXNativeTarget section */

/* Begin PBXProject section */
		4E728C492A13C00D00556271 /* Project object */ = {
			isa = PBXProject;
			attributes = {
				BuildIndependentTargetsInParallel = 1;
				LastSwiftUpdateCheck = 1430;
				LastUpgradeCheck = 1430;
				TargetAttributes = {
					4E728C502A13C00D00556271 = {
						CreatedOnToolsVersion = 14.3;
					};
				};
			};
			buildConfigurationList = 4E728C4C2A13C00D00556271 /* Build configuration list for PBXProject "LoginRegister" */;
			compatibilityVersion = "Xcode 14.0";
			developmentRegion = en;
			hasScannedForEncodings = 0;
			knownRegions = (
				en,
				Base,
			);
			mainGroup = 4E728C482A13C00D00556271;
			packageReferences = (
				4EBFA8162A1470660065D6B8 /* XCRemoteSwiftPackageReference "firebase-ios-sdk" */,
			);
			productRefGroup = 4E728C522A13C00D00556271 /* Products */;
			projectDirPath = "";
			projectRoot = "";
			targets = (
				4E728C502A13C00D00556271 /* LoginRegister */,
			);
		};
/* End PBXProject section */

/* Begin PBXResourcesBuildPhase section */
		4E728C4F2A13C00D00556271 /* Resources */ = {
			isa = PBXResourcesBuildPhase;
			buildActionMask = 2147483647;
			files = (
				4E728C5C2A13C00F00556271 /* Preview Assets.xcassets in Resources */,
				4E728C592A13C00F00556271 /* Assets.xcassets in Resources */,
				4EBFA81E2A14712D0065D6B8 /* GoogleService-Info.plist in Resources */,
			);
			runOnlyForDeploymentPostprocessing = 0;
		};
/* End PBXResourcesBuildPhase section */

/* Begin PBXSourcesBuildPhase section */
		4E728C4D2A13C00D00556271 /* Sources */ = {
			isa = PBXSourcesBuildPhase;
			buildActionMask = 2147483647;
			files = (
				4E728C642A13C8B200556271 /* OnboardingView.swift in Sources */,
				4E728C682A13D0D600556271 /* RegisterView.swift in Sources */,
				4E8CCA7D2A1647AC008FD2EF /* AuthView.swift in Sources */,
				4E8CCA7F2A1647FA008FD2EF /* DashboardView.swift in Sources */,
				4E8CCA822A165B78008FD2EF /* AuthViewModel.swift in Sources */,
				4E728C572A13C00D00556271 /* ContentView.swift in Sources */,
				4E728C662A13D0B800556271 /* LoginView.swift in Sources */,
				4E728C552A13C00D00556271 /* LoginRegisterApp.swift in Sources */,
				4E8CCA852A16634E008FD2EF /* AuthModel.swift in Sources */,
			);
			runOnlyForDeploymentPostprocessing = 0;
		};
/* End PBXSourcesBuildPhase section */

/* Begin XCBuildConfiguration section */
		4E728C5D2A13C00F00556271 /* Debug */ = {
			isa = XCBuildConfiguration;
			buildSettings = {
				ALWAYS_SEARCH_USER_PATHS = NO;
				CLANG_ANALYZER_NONNULL = YES;
				CLANG_ANALYZER_NUMBER_OBJECT_CONVERSION = YES_AGGRESSIVE;
				CLANG_CXX_LANGUAGE_STANDARD = "gnu++20";
				CLANG_ENABLE_MODULES = YES;
				CLANG_ENABLE_OBJC_ARC = YES;
				CLANG_ENABLE_OBJC_WEAK = YES;
				CLANG_WARN_BLOCK_CAPTURE_AUTORELEASING = YES;
				CLANG_WARN_BOOL_CONVERSION = YES;
				CLANG_WARN_COMMA = YES;
				CLANG_WARN_CONSTANT_CONVERSION = YES;
				CLANG_WARN_DEPRECATED_OBJC_IMPLEMENTATIONS = YES;
				CLANG_WARN_DIRECT_OBJC_ISA_USAGE = YES_ERROR;
				CLANG_WARN_DOCUMENTATION_COMMENTS = YES;
				CLANG_WARN_EMPTY_BODY = YES;
				CLANG_WARN_ENUM_CONVERSION = YES;
				CLANG_WARN_INFINITE_RECURSION = YES;
				CLANG_WARN_INT_CONVERSION = YES;
				CLANG_WARN_NON_LITERAL_NULL_CONVERSION = YES;
				CLANG_WARN_OBJC_IMPLICIT_RETAIN_SELF = YES;
				CLANG_WARN_OBJC_LITERAL_CONVERSION = YES;
				CLANG_WARN_OBJC_ROOT_CLASS = YES_ERROR;
				CLANG_WARN_QUOTED_INCLUDE_IN_FRAMEWORK_HEADER = YES;
				CLANG_WARN_RANGE_LOOP_ANALYSIS = YES;
				CLANG_WARN_STRICT_PROTOTYPES = YES;
				CLANG_WARN_SUSPICIOUS_MOVE = YES;
				CLANG_WARN_UNGUARDED_AVAILABILITY = YES_AGGRESSIVE;
				CLANG_WARN_UNREACHABLE_CODE = YES;
				CLANG_WARN__DUPLICATE_METHOD_MATCH = YES;
				COPY_PHASE_STRIP = NO;
				DEBUG_INFORMATION_FORMAT = dwarf;
				ENABLE_STRICT_OBJC_MSGSEND = YES;
				ENABLE_TESTABILITY = YES;
				GCC_C_LANGUAGE_STANDARD = gnu11;
				GCC_DYNAMIC_NO_PIC = NO;
				GCC_NO_COMMON_BLOCKS = YES;
				GCC_OPTIMIZATION_LEVEL = 0;
				GCC_PREPROCESSOR_DEFINITIONS = (
					"DEBUG=1",
					"$(inherited)",
				);
				GCC_WARN_64_TO_32_BIT_CONVERSION = YES;
				GCC_WARN_ABOUT_RETURN_TYPE = YES_ERROR;
				GCC_WARN_UNDECLARED_SELECTOR = YES;
				GCC_WARN_UNINITIALIZED_AUTOS = YES_AGGRESSIVE;
				GCC_WARN_UNUSED_FUNCTION = YES;
				GCC_WARN_UNUSED_VARIABLE = YES;
				IPHONEOS_DEPLOYMENT_TARGET = 15.0;
				MTL_ENABLE_DEBUG_INFO = INCLUDE_SOURCE;
				MTL_FAST_MATH = YES;
				ONLY_ACTIVE_ARCH = YES;
				SDKROOT = iphoneos;
				SWIFT_ACTIVE_COMPILATION_CONDITIONS = DEBUG;
				SWIFT_OPTIMIZATION_LEVEL = "-Onone";
			};
			name = Debug;
		};
		4E728C5E2A13C00F00556271 /* Release */ = {
			isa = XCBuildConfiguration;
			buildSettings = {
				ALWAYS_SEARCH_USER_PATHS = NO;
				CLANG_ANALYZER_NONNULL = YES;
				CLANG_ANALYZER_NUMBER_OBJECT_CONVERSION = YES_AGGRESSIVE;
				CLANG_CXX_LANGUAGE_STANDARD = "gnu++20";
				CLANG_ENABLE_MODULES = YES;
				CLANG_ENABLE_OBJC_ARC = YES;
				CLANG_ENABLE_OBJC_WEAK = YES;
				CLANG_WARN_BLOCK_CAPTURE_AUTORELEASING = YES;
				CLANG_WARN_BOOL_CONVERSION = YES;
				CLANG_WARN_COMMA = YES;
				CLANG_WARN_CONSTANT_CONVERSION = YES;
				CLANG_WARN_DEPRECATED_OBJC_IMPLEMENTATIONS = YES;
				CLANG_WARN_DIRECT_OBJC_ISA_USAGE = YES_ERROR;
				CLANG_WARN_DOCUMENTATION_COMMENTS = YES;
				CLANG_WARN_EMPTY_BODY = YES;
				CLANG_WARN_ENUM_CONVERSION = YES;
				CLANG_WARN_INFINITE_RECURSION = YES;
				CLANG_WARN_INT_CONVERSION = YES;
				CLANG_WARN_NON_LITERAL_NULL_CONVERSION = YES;
				CLANG_WARN_OBJC_IMPLICIT_RETAIN_SELF = YES;
				CLANG_WARN_OBJC_LITERAL_CONVERSION = YES;
				CLANG_WARN_OBJC_ROOT_CLASS = YES_ERROR;
				CLANG_WARN_QUOTED_INCLUDE_IN_FRAMEWORK_HEADER = YES;
				CLANG_WARN_RANGE_LOOP_ANALYSIS = YES;
				CLANG_WARN_STRICT_PROTOTYPES = YES;
				CLANG_WARN_SUSPICIOUS_MOVE = YES;
				CLANG_WARN_UNGUARDED_AVAILABILITY = YES_AGGRESSIVE;
				CLANG_WARN_UNREACHABLE_CODE = YES;
				CLANG_WARN__DUPLICATE_METHOD_MATCH = YES;
				COPY_PHASE_STRIP = NO;
				DEBUG_INFORMATION_FORMAT = "dwarf-with-dsym";
				ENABLE_NS_ASSERTIONS = NO;
				ENABLE_STRICT_OBJC_MSGSEND = YES;
				GCC_C_LANGUAGE_STANDARD = gnu11;
				GCC_NO_COMMON_BLOCKS = YES;
				GCC_WARN_64_TO_32_BIT_CONVERSION = YES;
				GCC_WARN_ABOUT_RETURN_TYPE = YES_ERROR;
				GCC_WARN_UNDECLARED_SELECTOR = YES;
				GCC_WARN_UNINITIALIZED_AUTOS = YES_AGGRESSIVE;
				GCC_WARN_UNUSED_FUNCTION = YES;
				GCC_WARN_UNUSED_VARIABLE = YES;
				IPHONEOS_DEPLOYMENT_TARGET = 15.0;
				MTL_ENABLE_DEBUG_INFO = NO;
				MTL_FAST_MATH = YES;
				SDKROOT = iphoneos;
				SWIFT_COMPILATION_MODE = wholemodule;
				SWIFT_OPTIMIZATION_LEVEL = "-O";
				VALIDATE_PRODUCT = YES;
			};
			name = Release;
		};
		4E728C602A13C00F00556271 /* Debug */ = {
			isa = XCBuildConfiguration;
			buildSettings = {
				ASSETCATALOG_COMPILER_APPICON_NAME = AppIcon;
				ASSETCATALOG_COMPILER_GLOBAL_ACCENT_COLOR_NAME = AccentColor;
				CODE_SIGN_STYLE = Automatic;
				CURRENT_PROJECT_VERSION = 1;
				DEVELOPMENT_ASSET_PATHS = "\"LoginRegister/Preview Content\"";
				DEVELOPMENT_TEAM = CA3TQV38GP;
				ENABLE_PREVIEWS = YES;
				GENERATE_INFOPLIST_FILE = YES;
				INFOPLIST_FILE = LoginRegister/Info.plist;
				INFOPLIST_KEY_UIApplicationSceneManifest_Generation = YES;
				INFOPLIST_KEY_UIApplicationSupportsIndirectInputEvents = YES;
				INFOPLIST_KEY_UILaunchScreen_Generation = YES;
				INFOPLIST_KEY_UISupportedInterfaceOrientations_iPad = "UIInterfaceOrientationPortrait UIInterfaceOrientationPortraitUpsideDown UIInterfaceOrientationLandscapeLeft UIInterfaceOrientationLandscapeRight";
				INFOPLIST_KEY_UISupportedInterfaceOrientations_iPhone = "UIInterfaceOrientationPortrait UIInterfaceOrientationLandscapeLeft UIInterfaceOrientationLandscapeRight";
				INFOPLIST_KEY_UIUserInterfaceStyle = Light;
				IPHONEOS_DEPLOYMENT_TARGET = 15.0;
				LD_RUNPATH_SEARCH_PATHS = (
					"$(inherited)",
					"@executable_path/Frameworks",
				);
				MARKETING_VERSION = 1.0;
				PRODUCT_BUNDLE_IDENTIFIER = com.dodiaditya.LoginRegister;
				PRODUCT_NAME = "$(TARGET_NAME)";
				SWIFT_EMIT_LOC_STRINGS = YES;
				SWIFT_VERSION = 5.0;
				TARGETED_DEVICE_FAMILY = "1,2";
			};
			name = Debug;
		};
		4E728C612A13C00F00556271 /* Release */ = {
			isa = XCBuildConfiguration;
			buildSettings = {
				ASSETCATALOG_COMPILER_APPICON_NAME = AppIcon;
				ASSETCATALOG_COMPILER_GLOBAL_ACCENT_COLOR_NAME = AccentColor;
				CODE_SIGN_STYLE = Automatic;
				CURRENT_PROJECT_VERSION = 1;
				DEVELOPMENT_ASSET_PATHS = "\"LoginRegister/Preview Content\"";
				DEVELOPMENT_TEAM = CA3TQV38GP;
				ENABLE_PREVIEWS = YES;
				GENERATE_INFOPLIST_FILE = YES;
				INFOPLIST_FILE = LoginRegister/Info.plist;
				INFOPLIST_KEY_UIApplicationSceneManifest_Generation = YES;
				INFOPLIST_KEY_UIApplicationSupportsIndirectInputEvents = YES;
				INFOPLIST_KEY_UILaunchScreen_Generation = YES;
				INFOPLIST_KEY_UISupportedInterfaceOrientations_iPad = "UIInterfaceOrientationPortrait UIInterfaceOrientationPortraitUpsideDown UIInterfaceOrientationLandscapeLeft UIInterfaceOrientationLandscapeRight";
				INFOPLIST_KEY_UISupportedInterfaceOrientations_iPhone = "UIInterfaceOrientationPortrait UIInterfaceOrientationLandscapeLeft UIInterfaceOrientationLandscapeRight";
				INFOPLIST_KEY_UIUserInterfaceStyle = Light;
				IPHONEOS_DEPLOYMENT_TARGET = 15.0;
				LD_RUNPATH_SEARCH_PATHS = (
					"$(inherited)",
					"@executable_path/Frameworks",
				);
				MARKETING_VERSION = 1.0;
				PRODUCT_BUNDLE_IDENTIFIER = com.dodiaditya.LoginRegister;
				PRODUCT_NAME = "$(TARGET_NAME)";
				SWIFT_EMIT_LOC_STRINGS = YES;
				SWIFT_VERSION = 5.0;
				TARGETED_DEVICE_FAMILY = "1,2";
			};
			name = Release;
		};
/* End XCBuildConfiguration section */

/* Begin XCConfigurationList section */
		4E728C4C2A13C00D00556271 /* Build configuration list for PBXProject "LoginRegister" */ = {
			isa = XCConfigurationList;
			buildConfigurations = (
				4E728C5D2A13C00F00556271 /* Debug */,
				4E728C5E2A13C00F00556271 /* Release */,
			);
			defaultConfigurationIsVisible = 0;
			defaultConfigurationName = Release;
		};
		4E728C5F2A13C00F00556271 /* Build configuration list for PBXNativeTarget "LoginRegister" */ = {
			isa = XCConfigurationList;
			buildConfigurations = (
				4E728C602A13C00F00556271 /* Debug */,
				4E728C612A13C00F00556271 /* Release */,
			);
			defaultConfigurationIsVisible = 0;
			defaultConfigurationName = Release;
		};
/* End XCConfigurationList section */

/* Begin XCRemoteSwiftPackageReference section */
		4EBFA8162A1470660065D6B8 /* XCRemoteSwiftPackageReference "firebase-ios-sdk" */ = {
			isa = XCRemoteSwiftPackageReference;
			repositoryURL = "https://github.com/firebase/firebase-ios-sdk.git";
			requirement = {
				kind = upToNextMajorVersion;
				minimumVersion = 10.0.0;
			};
		};
/* End XCRemoteSwiftPackageReference section */

/* Begin XCSwiftPackageProductDependency section */
		4EBFA8172A1470660065D6B8 /* FirebaseAuth */ = {
			isa = XCSwiftPackageProductDependency;
			package = 4EBFA8162A1470660065D6B8 /* XCRemoteSwiftPackageReference "firebase-ios-sdk" */;
			productName = FirebaseAuth;
		};
		4EBFA8192A1470660065D6B8 /* FirebaseFirestore */ = {
			isa = XCSwiftPackageProductDependency;
			package = 4EBFA8162A1470660065D6B8 /* XCRemoteSwiftPackageReference "firebase-ios-sdk" */;
			productName = FirebaseFirestore;
		};
/* End XCSwiftPackageProductDependency section */
	};
	rootObject = 4E728C492A13C00D00556271 /* Project object */;
}
